// !$*UTF8*$!
{
	archiveVersion = 1;
	classes = {
	};
	objectVersion = 46;
	objects = {

/* Begin PBXBuildFile section */
		69AEB7CF1951376200A4DE20 /* ObjcViewController.m in Sources */ = {isa = PBXBuildFile; fileRef = 69AEB7CA1951376200A4DE20 /* ObjcViewController.m */; };
		69AEB7D01951376200A4DE20 /* ObjcViewController.xib in Resources */ = {isa = PBXBuildFile; fileRef = 69AEB7CB1951376200A4DE20 /* ObjcViewController.xib */; };
		69AEB7D11951376200A4DE20 /* ViewController.swift in Sources */ = {isa = PBXBuildFile; fileRef = 69AEB7CD1951376200A4DE20 /* ViewController.swift */; };
		69AEB7D21951376200A4DE20 /* ViewController.xib in Resources */ = {isa = PBXBuildFile; fileRef = 69AEB7CE1951376200A4DE20 /* ViewController.xib */; };
		69AEB7D5195137DE00A4DE20 /* SwiftTableViewCell.swift in Sources */ = {isa = PBXBuildFile; fileRef = 69AEB7D3195137DE00A4DE20 /* SwiftTableViewCell.swift */; };
		69AEB7D6195137DE00A4DE20 /* SwiftTableViewCell.xib in Resources */ = {isa = PBXBuildFile; fileRef = 69AEB7D4195137DE00A4DE20 /* SwiftTableViewCell.xib */; };
		69AEB7DA195137F700A4DE20 /* ObjcTableViewCell.m in Sources */ = {isa = PBXBuildFile; fileRef = 69AEB7D8195137F700A4DE20 /* ObjcTableViewCell.m */; };
		69AEB7DB195137F700A4DE20 /* ObjcTableViewCell.xib in Resources */ = {isa = PBXBuildFile; fileRef = 69AEB7D9195137F700A4DE20 /* ObjcTableViewCell.xib */; };
		69CA6CB3193DB6CF00D8E325 /* AppDelegate.swift in Sources */ = {isa = PBXBuildFile; fileRef = 69CA6CB2193DB6CF00D8E325 /* AppDelegate.swift */; };
		69CA6CB5193DB6CF00D8E325 /* Images.xcassets in Resources */ = {isa = PBXBuildFile; fileRef = 69CA6CB4193DB6CF00D8E325 /* Images.xcassets */; };
		69CA6CC1193DB6CF00D8E325 /* SwiftDemoTests.swift in Sources */ = {isa = PBXBuildFile; fileRef = 69CA6CC0193DB6CF00D8E325 /* SwiftDemoTests.swift */; };
/* End PBXBuildFile section */

/* Begin PBXContainerItemProxy section */
		69CA6CBB193DB6CF00D8E325 /* PBXContainerItemProxy */ = {
			isa = PBXContainerItemProxy;
			containerPortal = 69CA6CA5193DB6CF00D8E325 /* Project object */;
			proxyType = 1;
			remoteGlobalIDString = 69CA6CAC193DB6CF00D8E325;
			remoteInfo = SwiftDemo;
		};
/* End PBXContainerItemProxy section */

/* Begin PBXFileReference section */
		69AEB7C21951358800A4DE20 /* SwiftDemo-Bridging-Header.h */ = {isa = PBXFileReference; lastKnownFileType = sourcecode.c.h; path = "SwiftDemo-Bridging-Header.h"; sourceTree = "<group>"; };
		69AEB7C91951376200A4DE20 /* ObjcViewController.h */ = {isa = PBXFileReference; fileEncoding = 4; lastKnownFileType = sourcecode.c.h; path = ObjcViewController.h; sourceTree = "<group>"; };
		69AEB7CA1951376200A4DE20 /* ObjcViewController.m */ = {isa = PBXFileReference; fileEncoding = 4; lastKnownFileType = sourcecode.c.objc; path = ObjcViewController.m; sourceTree = "<group>"; };
		69AEB7CB1951376200A4DE20 /* ObjcViewController.xib */ = {isa = PBXFileReference; fileEncoding = 4; lastKnownFileType = file.xib; path = ObjcViewController.xib; sourceTree = "<group>"; };
		69AEB7CD1951376200A4DE20 /* ViewController.swift */ = {isa = PBXFileReference; fileEncoding = 4; lastKnownFileType = sourcecode.swift; path = ViewController.swift; sourceTree = "<group>"; };
		69AEB7CE1951376200A4DE20 /* ViewController.xib */ = {isa = PBXFileReference; fileEncoding = 4; lastKnownFileType = file.xib; path = ViewController.xib; sourceTree = "<group>"; };
		69AEB7D3195137DE00A4DE20 /* SwiftTableViewCell.swift */ = {isa = PBXFileReference; fileEncoding = 4; lastKnownFileType = sourcecode.swift; path = SwiftTableViewCell.swift; sourceTree = "<group>"; };
		69AEB7D4195137DE00A4DE20 /* SwiftTableViewCell.xib */ = {isa = PBXFileReference; fileEncoding = 4; lastKnownFileType = file.xib; path = SwiftTableViewCell.xib; sourceTree = "<group>"; };
		69AEB7D7195137F700A4DE20 /* ObjcTableViewCell.h */ = {isa = PBXFileReference; fileEncoding = 4; lastKnownFileType = sourcecode.c.h; path = ObjcTableViewCell.h; sourceTree = "<group>"; };
		69AEB7D8195137F700A4DE20 /* ObjcTableViewCell.m */ = {isa = PBXFileReference; fileEncoding = 4; lastKnownFileType = sourcecode.c.objc; path = ObjcTableViewCell.m; sourceTree = "<group>"; };
		69AEB7D9195137F700A4DE20 /* ObjcTableViewCell.xib */ = {isa = PBXFileReference; fileEncoding = 4; lastKnownFileType = file.xib; path = ObjcTableViewCell.xib; sourceTree = "<group>"; };
		69CA6CAD193DB6CF00D8E325 /* SwiftDemo.app */ = {isa = PBXFileReference; explicitFileType = wrapper.application; includeInIndex = 0; path = SwiftDemo.app; sourceTree = BUILT_PRODUCTS_DIR; };
		69CA6CB1193DB6CF00D8E325 /* Info.plist */ = {isa = PBXFileReference; lastKnownFileType = text.plist.xml; path = Info.plist; sourceTree = "<group>"; };
		69CA6CB2193DB6CF00D8E325 /* AppDelegate.swift */ = {isa = PBXFileReference; lastKnownFileType = sourcecode.swift; path = AppDelegate.swift; sourceTree = "<group>"; };
		69CA6CB4193DB6CF00D8E325 /* Images.xcassets */ = {isa = PBXFileReference; lastKnownFileType = folder.assetcatalog; path = Images.xcassets; sourceTree = "<group>"; };
		69CA6CBA193DB6CF00D8E325 /* SwiftDemoTests.xctest */ = {isa = PBXFileReference; explicitFileType = wrapper.cfbundle; includeInIndex = 0; path = SwiftDemoTests.xctest; sourceTree = BUILT_PRODUCTS_DIR; };
		69CA6CBF193DB6CF00D8E325 /* Info.plist */ = {isa = PBXFileReference; lastKnownFileType = text.plist.xml; path = Info.plist; sourceTree = "<group>"; };
		69CA6CC0193DB6CF00D8E325 /* SwiftDemoTests.swift */ = {isa = PBXFileReference; lastKnownFileType = sourcecode.swift; path = SwiftDemoTests.swift; sourceTree = "<group>"; };
/* End PBXFileReference section */

/* Begin PBXFrameworksBuildPhase section */
		69CA6CAA193DB6CF00D8E325 /* Frameworks */ = {
			isa = PBXFrameworksBuildPhase;
			buildActionMask = 2147483647;
			files = (
			);
			runOnlyForDeploymentPostprocessing = 0;
		};
		69CA6CB7193DB6CF00D8E325 /* Frameworks */ = {
			isa = PBXFrameworksBuildPhase;
			buildActionMask = 2147483647;
			files = (
			);
			runOnlyForDeploymentPostprocessing = 0;
		};
/* End PBXFrameworksBuildPhase section */

/* Begin PBXGroup section */
		69AEB7C81951376200A4DE20 /* Objc */ = {
			isa = PBXGroup;
			children = (
				69AEB7C91951376200A4DE20 /* ObjcViewController.h */,
				69AEB7CA1951376200A4DE20 /* ObjcViewController.m */,
				69AEB7CB1951376200A4DE20 /* ObjcViewController.xib */,
				69AEB7D7195137F700A4DE20 /* ObjcTableViewCell.h */,
				69AEB7D8195137F700A4DE20 /* ObjcTableViewCell.m */,
				69AEB7D9195137F700A4DE20 /* ObjcTableViewCell.xib */,
			);
			path = Objc;
			sourceTree = "<group>";
		};
		69AEB7CC1951376200A4DE20 /* Swift */ = {
			isa = PBXGroup;
			children = (
				69AEB7CD1951376200A4DE20 /* ViewController.swift */,
				69AEB7CE1951376200A4DE20 /* ViewController.xib */,
				69AEB7D3195137DE00A4DE20 /* SwiftTableViewCell.swift */,
				69AEB7D4195137DE00A4DE20 /* SwiftTableViewCell.xib */,
			);
			path = Swift;
			sourceTree = "<group>";
		};
		69CA6CA4193DB6CF00D8E325 = {
			isa = PBXGroup;
			children = (
				69CA6CAF193DB6CF00D8E325 /* SwiftDemo */,
				69CA6CBD193DB6CF00D8E325 /* SwiftDemoTests */,
				69CA6CAE193DB6CF00D8E325 /* Products */,
			);
			sourceTree = "<group>";
		};
		69CA6CAE193DB6CF00D8E325 /* Products */ = {
			isa = PBXGroup;
			children = (
				69CA6CAD193DB6CF00D8E325 /* SwiftDemo.app */,
				69CA6CBA193DB6CF00D8E325 /* SwiftDemoTests.xctest */,
			);
			name = Products;
			sourceTree = "<group>";
		};
		69CA6CAF193DB6CF00D8E325 /* SwiftDemo */ = {
			isa = PBXGroup;
			children = (
				69AEB7C81951376200A4DE20 /* Objc */,
				69AEB7CC1951376200A4DE20 /* Swift */,
				69CA6CB2193DB6CF00D8E325 /* AppDelegate.swift */,
				69CA6CB4193DB6CF00D8E325 /* Images.xcassets */,
				69CA6CB0193DB6CF00D8E325 /* Supporting Files */,
				69AEB7C21951358800A4DE20 /* SwiftDemo-Bridging-Header.h */,
			);
			path = SwiftDemo;
			sourceTree = "<group>";
		};
		69CA6CB0193DB6CF00D8E325 /* Supporting Files */ = {
			isa = PBXGroup;
			children = (
				69CA6CB1193DB6CF00D8E325 /* Info.plist */,
			);
			name = "Supporting Files";
			sourceTree = "<group>";
		};
		69CA6CBD193DB6CF00D8E325 /* SwiftDemoTests */ = {
			isa = PBXGroup;
			children = (
				69CA6CC0193DB6CF00D8E325 /* SwiftDemoTests.swift */,
				69CA6CBE193DB6CF00D8E325 /* Supporting Files */,
			);
			path = SwiftDemoTests;
			sourceTree = "<group>";
		};
		69CA6CBE193DB6CF00D8E325 /* Supporting Files */ = {
			isa = PBXGroup;
			children = (
				69CA6CBF193DB6CF00D8E325 /* Info.plist */,
			);
			name = "Supporting Files";
			sourceTree = "<group>";
		};
/* End PBXGroup section */

/* Begin PBXNativeTarget section */
		69CA6CAC193DB6CF00D8E325 /* SwiftDemo */ = {
			isa = PBXNativeTarget;
			buildConfigurationList = 69CA6CC4193DB6CF00D8E325 /* Build configuration list for PBXNativeTarget "SwiftDemo" */;
			buildPhases = (
				69CA6CA9193DB6CF00D8E325 /* Sources */,
				69CA6CAA193DB6CF00D8E325 /* Frameworks */,
				69CA6CAB193DB6CF00D8E325 /* Resources */,
			);
			buildRules = (
			);
			dependencies = (
			);
			name = SwiftDemo;
			productName = SwiftDemo;
			productReference = 69CA6CAD193DB6CF00D8E325 /* SwiftDemo.app */;
			productType = "com.apple.product-type.application";
		};
		69CA6CB9193DB6CF00D8E325 /* SwiftDemoTests */ = {
			isa = PBXNativeTarget;
			buildConfigurationList = 69CA6CC7193DB6CF00D8E325 /* Build configuration list for PBXNativeTarget "SwiftDemoTests" */;
			buildPhases = (
				69CA6CB6193DB6CF00D8E325 /* Sources */,
				69CA6CB7193DB6CF00D8E325 /* Frameworks */,
				69CA6CB8193DB6CF00D8E325 /* Resources */,
			);
			buildRules = (
			);
			dependencies = (
				69CA6CBC193DB6CF00D8E325 /* PBXTargetDependency */,
			);
			name = SwiftDemoTests;
			productName = SwiftDemoTests;
			productReference = 69CA6CBA193DB6CF00D8E325 /* SwiftDemoTests.xctest */;
			productType = "com.apple.product-type.bundle.unit-test";
		};
/* End PBXNativeTarget section */

/* Begin PBXProject section */
		69CA6CA5193DB6CF00D8E325 /* Project object */ = {
			isa = PBXProject;
			attributes = {
				LastUpgradeCheck = 0600;
				ORGANIZATIONNAME = Anselz;
				TargetAttributes = {
					69CA6CAC193DB6CF00D8E325 = {
						CreatedOnToolsVersion = 6.0;
					};
					69CA6CB9193DB6CF00D8E325 = {
						CreatedOnToolsVersion = 6.0;
						TestTargetID = 69CA6CAC193DB6CF00D8E325;
					};
				};
			};
			buildConfigurationList = 69CA6CA8193DB6CF00D8E325 /* Build configuration list for PBXProject "SwiftDemo" */;
			compatibilityVersion = "Xcode 3.2";
			developmentRegion = English;
			hasScannedForEncodings = 0;
			knownRegions = (
				en,
			);
			mainGroup = 69CA6CA4193DB6CF00D8E325;
			productRefGroup = 69CA6CAE193DB6CF00D8E325 /* Products */;
			projectDirPath = "";
			projectRoot = "";
			targets = (
				69CA6CAC193DB6CF00D8E325 /* SwiftDemo */,
				69CA6CB9193DB6CF00D8E325 /* SwiftDemoTests */,
			);
		};
/* End PBXProject section */

/* Begin PBXResourcesBuildPhase section */
		69CA6CAB193DB6CF00D8E325 /* Resources */ = {
			isa = PBXResourcesBuildPhase;
			buildActionMask = 2147483647;
			files = (
				69AEB7D01951376200A4DE20 /* ObjcViewController.xib in Resources */,
				69AEB7D21951376200A4DE20 /* ViewController.xib in Resources */,
				69CA6CB5193DB6CF00D8E325 /* Images.xcassets in Resources */,
				69AEB7DB195137F700A4DE20 /* ObjcTableViewCell.xib in Resources */,
				69AEB7D6195137DE00A4DE20 /* SwiftTableViewCell.xib in Resources */,
			);
			runOnlyForDeploymentPostprocessing = 0;
		};
		69CA6CB8193DB6CF00D8E325 /* Resources */ = {
			isa = PBXResourcesBuildPhase;
			buildActionMask = 2147483647;
			files = (
			);
			runOnlyForDeploymentPostprocessing = 0;
		};
/* End PBXResourcesBuildPhase section */

/* Begin PBXSourcesBuildPhase section */
		69CA6CA9193DB6CF00D8E325 /* Sources */ = {
			isa = PBXSourcesBuildPhase;
			buildActionMask = 2147483647;
			files = (
				69AEB7D11951376200A4DE20 /* ViewController.swift in Sources */,
				69AEB7CF1951376200A4DE20 /* ObjcViewController.m in Sources */,
				69CA6CB3193DB6CF00D8E325 /* AppDelegate.swift in Sources */,
				69AEB7DA195137F700A4DE20 /* ObjcTableViewCell.m in Sources */,
				69AEB7D5195137DE00A4DE20 /* SwiftTableViewCell.swift in Sources */,
			);
			runOnlyForDeploymentPostprocessing = 0;
		};
		69CA6CB6193DB6CF00D8E325 /* Sources */ = {
			isa = PBXSourcesBuildPhase;
			buildActionMask = 2147483647;
			files = (
				69CA6CC1193DB6CF00D8E325 /* SwiftDemoTests.swift in Sources */,
			);
			runOnlyForDeploymentPostprocessing = 0;
		};
/* End PBXSourcesBuildPhase section */

/* Begin PBXTargetDependency section */
		69CA6CBC193DB6CF00D8E325 /* PBXTargetDependency */ = {
			isa = PBXTargetDependency;
			target = 69CA6CAC193DB6CF00D8E325 /* SwiftDemo */;
			targetProxy = 69CA6CBB193DB6CF00D8E325 /* PBXContainerItemProxy */;
		};
/* End PBXTargetDependency section */

/* Begin XCBuildConfiguration section */
		69CA6CC2193DB6CF00D8E325 /* Debug */ = {
			isa = XCBuildConfiguration;
			buildSettings = {
				ALWAYS_SEARCH_USER_PATHS = NO;
				CLANG_CXX_LANGUAGE_STANDARD = "gnu++0x";
				CLANG_CXX_LIBRARY = "libc++";
				CLANG_ENABLE_MODULES = YES;
				CLANG_ENABLE_OBJC_ARC = YES;
				CLANG_WARN_BOOL_CONVERSION = YES;
				CLANG_WARN_CONSTANT_CONVERSION = YES;
				CLANG_WARN_DIRECT_OBJC_ISA_USAGE = YES_ERROR;
				CLANG_WARN_EMPTY_BODY = YES;
				CLANG_WARN_ENUM_CONVERSION = YES;
				CLANG_WARN_INT_CONVERSION = YES;
				CLANG_WARN_OBJC_ROOT_CLASS = YES_ERROR;
				CLANG_WARN_UNREACHABLE_CODE = YES;
				CLANG_WARN__DUPLICATE_METHOD_MATCH = YES;
				"CODE_SIGN_IDENTITY[sdk=iphoneos*]" = "iPhone Developer";
				COPY_PHASE_STRIP = NO;
				ENABLE_STRICT_OBJC_MSGSEND = YES;
				GCC_C_LANGUAGE_STANDARD = gnu99;
				GCC_DYNAMIC_NO_PIC = NO;
				GCC_OPTIMIZATION_LEVEL = 0;
				GCC_PREPROCESSOR_DEFINITIONS = (
					"DEBUG=1",
					"$(inherited)",
				);
				GCC_SYMBOLS_PRIVATE_EXTERN = NO;
				GCC_WARN_64_TO_32_BIT_CONVERSION = YES;
				GCC_WARN_ABOUT_RETURN_TYPE = YES_ERROR;
				GCC_WARN_UNDECLARED_SELECTOR = YES;
				GCC_WARN_UNINITIALIZED_AUTOS = YES_AGGRESSIVE;
				GCC_WARN_UNUSED_FUNCTION = YES;
				GCC_WARN_UNUSED_VARIABLE = YES;
				IPHONEOS_DEPLOYMENT_TARGET = 8.0;
				METAL_ENABLE_DEBUG_INFO = YES;
				ONLY_ACTIVE_ARCH = YES;
				SDKROOT = iphoneos;
				SWIFT_OPTIMIZATION_LEVEL = "-Onone";
			};
			name = Debug;
		};
		69CA6CC3193DB6CF00D8E325 /* Release */ = {
			isa = XCBuildConfiguration;
			buildSettings = {
				ALWAYS_SEARCH_USER_PATHS = NO;
				CLANG_CXX_LANGUAGE_STANDARD = "gnu++0x";
				CLANG_CXX_LIBRARY = "libc++";
				CLANG_ENABLE_MODULES = YES;
				CLANG_ENABLE_OBJC_ARC = YES;
				CLANG_WARN_BOOL_CONVERSION = YES;
				CLANG_WARN_CONSTANT_CONVERSION = YES;
				CLANG_WARN_DIRECT_OBJC_ISA_USAGE = YES_ERROR;
				CLANG_WARN_EMPTY_BODY = YES;
				CLANG_WARN_ENUM_CONVERSION = YES;
				CLANG_WARN_INT_CONVERSION = YES;
				CLANG_WARN_OBJC_ROOT_CLASS = YES_ERROR;
				CLANG_WARN_UNREACHABLE_CODE = YES;
				CLANG_WARN__DUPLICATE_METHOD_MATCH = YES;
				"CODE_SIGN_IDENTITY[sdk=iphoneos*]" = "iPhone Developer";
				COPY_PHASE_STRIP = YES;
				ENABLE_NS_ASSERTIONS = NO;
				ENABLE_STRICT_OBJC_MSGSEND = YES;
				GCC_C_LANGUAGE_STANDARD = gnu99;
				GCC_WARN_64_TO_32_BIT_CONVERSION = YES;
				GCC_WARN_ABOUT_RETURN_TYPE = YES_ERROR;
				GCC_WARN_UNDECLARED_SELECTOR = YES;
				GCC_WARN_UNINITIALIZED_AUTOS = YES_AGGRESSIVE;
				GCC_WARN_UNUSED_FUNCTION = YES;
				GCC_WARN_UNUSED_VARIABLE = YES;
				IPHONEOS_DEPLOYMENT_TARGET = 8.0;
				METAL_ENABLE_DEBUG_INFO = NO;
				SDKROOT = iphoneos;
				VALIDATE_PRODUCT = YES;
			};
			name = Release;
		};
		69CA6CC5193DB6CF00D8E325 /* Debug */ = {
			isa = XCBuildConfiguration;
			buildSettings = {
				ASSETCATALOG_COMPILER_APPICON_NAME = AppIcon;
				ASSETCATALOG_COMPILER_LAUNCHIMAGE_NAME = LaunchImage;
				CLANG_ENABLE_MODULES = YES;
				INFOPLIST_FILE = SwiftDemo/Info.plist;
				LD_RUNPATH_SEARCH_PATHS = "$(inherited) @executable_path/Frameworks";
				PRODUCT_NAME = "$(TARGET_NAME)";
				SWIFT_OBJC_BRIDGING_HEADER = "SwiftDemo/SwiftDemo-Bridging-Header.h";
				SWIFT_OPTIMIZATION_LEVEL = "-Onone";
			};
			name = Debug;
		};
		69CA6CC6193DB6CF00D8E325 /* Release */ = {
			isa = XCBuildConfiguration;
			buildSettings = {
				ASSETCATALOG_COMPILER_APPICON_NAME = AppIcon;
				ASSETCATALOG_COMPILER_LAUNCHIMAGE_NAME = LaunchImage;
				CLANG_ENABLE_MODULES = YES;
				INFOPLIST_FILE = SwiftDemo/Info.plist;
				LD_RUNPATH_SEARCH_PATHS = "$(inherited) @executable_path/Frameworks";
				PRODUCT_NAME = "$(TARGET_NAME)";
				SWIFT_OBJC_BRIDGING_HEADER = "SwiftDemo/SwiftDemo-Bridging-Header.h";
			};
			name = Release;
		};
		69CA6CC8193DB6CF00D8E325 /* Debug */ = {
			isa = XCBuildConfiguration;
			buildSettings = {
				BUNDLE_LOADER = "$(BUILT_PRODUCTS_DIR)/SwiftDemo.app/SwiftDemo";
				FRAMEWORK_SEARCH_PATHS = (
					"$(SDKROOT)/Developer/Library/Frameworks",
					"$(inherited)",
				);
				GCC_PREPROCESSOR_DEFINITIONS = (
					"DEBUG=1",
					"$(inherited)",
				);
				INFOPLIST_FILE = SwiftDemoTests/Info.plist;
				LD_RUNPATH_SEARCH_PATHS = "$(inherited) @executable_path/Frameworks @loader_path/Frameworks";
				METAL_ENABLE_DEBUG_INFO = YES;
				PRODUCT_NAME = "$(TARGET_NAME)";
				TEST_HOST = "$(BUNDLE_LOADER)";
			};
			name = Debug;
		};
		69CA6CC9193DB6CF00D8E325 /* Release */ = {
			isa = XCBuildConfiguration;
			buildSettings = {
				BUNDLE_LOADER = "$(BUILT_PRODUCTS_DIR)/SwiftDemo.app/SwiftDemo";
				FRAMEWORK_SEARCH_PATHS = (
					"$(SDKROOT)/Developer/Library/Frameworks",
					"$(inherited)",
				);
				INFOPLIST_FILE = SwiftDemoTests/Info.plist;
				LD_RUNPATH_SEARCH_PATHS = "$(inherited) @executable_path/Frameworks @loader_path/Frameworks";
				METAL_ENABLE_DEBUG_INFO = NO;
				PRODUCT_NAME = "$(TARGET_NAME)";
				TEST_HOST = "$(BUNDLE_LOADER)";
			};
			name = Release;
		};
/* End XCBuildConfiguration section */

/* Begin XCConfigurationList section */
		69CA6CA8193DB6CF00D8E325 /* Build configuration list for PBXProject "SwiftDemo" */ = {
			isa = XCConfigurationList;
			buildConfigurations = (
				69CA6CC2193DB6CF00D8E325 /* Debug */,
				69CA6CC3193DB6CF00D8E325 /* Release */,
			);
			defaultConfigurationIsVisible = 0;
			defaultConfigurationName = Release;
		};
		69CA6CC4193DB6CF00D8E325 /* Build configuration list for PBXNativeTarget "SwiftDemo" */ = {
			isa = XCConfigurationList;
			buildConfigurations = (
				69CA6CC5193DB6CF00D8E325 /* Debug */,
				69CA6CC6193DB6CF00D8E325 /* Release */,
			);
			defaultConfigurationIsVisible = 0;
			defaultConfigurationName = Release;
		};
		69CA6CC7193DB6CF00D8E325 /* Build configuration list for PBXNativeTarget "SwiftDemoTests" */ = {
			isa = XCConfigurationList;
			buildConfigurations = (
				69CA6CC8193DB6CF00D8E325 /* Debug */,
				69CA6CC9193DB6CF00D8E325 /* Release */,
			);
			defaultConfigurationIsVisible = 0;
			defaultConfigurationName = Release;
		};
/* End XCConfigurationList section */
	};
	rootObject = 69CA6CA5193DB6CF00D8E325 /* Project object */;
}
